
Microsoft Visual Studio Solution File, Format Version 12.00
# Visual Studio Version 17
VisualStudioVersion = 17.10.34916.146
MinimumVisualStudioVersion = 10.0.40219.1
Project("{E24C65DC-7377-472B-9ABA-BC803B73C61A}") = "Mini_Project", "Mini_Project\", "{D74F883D-4053-452A-BCBC-075859D6210F}"
	ProjectSection(WebsiteProperties) = preProject
		TargetFrameworkMoniker = ".NETFramework,Version%3Dv4.7.2"
		Debug.AspNetCompiler.VirtualPath = "/localhost_50287"
		Debug.AspNetCompiler.PhysicalPath = "Mini_Project\"
		Debug.AspNetCompiler.TargetPath = "PrecompiledWeb\localhost_50287\"
		Debug.AspNetCompiler.Updateable = "true"
		Debug.AspNetCompiler.ForceOverwrite = "true"
		Debug.AspNetCompiler.FixedNames = "false"
		Debug.AspNetCompiler.Debug = "True"
		Release.AspNetCompiler.VirtualPath = "/localhost_50287"
		Release.AspNetCompiler.PhysicalPath = "Mini_Project\"
		Release.AspNetCompiler.TargetPath = "PrecompiledWeb\localhost_50287\"
		Release.AspNetCompiler.Updateable = "true"
		Release.AspNetCompiler.ForceOverwrite = "true"
		Release.AspNetCompiler.FixedNames = "false"
		Release.AspNetCompiler.Debug = "False"
		VWDPort = "50287"
		SlnRelativePath = "Mini_Project\"
		DefaultWebSiteLanguage = "Visual C#"
	EndProjectSection
EndProject
Global
	GlobalSection(SolutionConfigurationPlatforms) = preSolution
		Debug|Any CPU = Debug|Any CPU
	EndGlobalSection
	GlobalSection(ProjectConfigurationPlatforms) = postSolution
		{D74F883D-4053-452A-BCBC-075859D6210F}.Debug|Any CPU.ActiveCfg = Debug|Any CPU
		{D74F883D-4053-452A-BCBC-075859D6210F}.Debug|Any CPU.Build.0 = Debug|Any CPU
	EndGlobalSection
	GlobalSection(SolutionProperties) = preSolution
		HideSolutionNode = FALSE
	EndGlobalSection
	GlobalSection(ExtensibilityGlobals) = postSolution
		SolutionGuid = {92740235-9B40-4024-83E1-83139C329FE2}
	EndGlobalSection
EndGlobal
